
Microsoft Visual Studio Solution File, Format Version 12.00
# Visual Studio 14
VisualStudioVersion = 14.0.23107.0
MinimumVisualStudioVersion = 10.0.40219.1
Project("{FAE04EC0-301F-11D3-BF4B-00C04F79EFBC}") = "Elk.GHComponents", "Elk.GHComponents\Elk.GHComponents.csproj", "{16D86629-7C9C-445A-BD63-058256C64A03}"
EndProject
Project("{FAE04EC0-301F-11D3-BF4B-00C04F79EFBC}") = "ElkLib", "ElkLib\ElkLib.csproj", "{37F51AE1-C859-4878-BD84-782FD8AE84B3}"
EndProject
Project("{FAE04EC0-301F-11D3-BF4B-00C04F79EFBC}") = "Elk.DynamoComponents", "Elk.DynamoComponents\Elk.DynamoComponents.csproj", "{AA6F41D4-D9DC-4378-92CC-697F405F4106}"
EndProject
Project("{FAE04EC0-301F-11D3-BF4B-00C04F79EFBC}") = "Geometry", "LINE.Geometry\Geometry.csproj", "{AB22888C-8134-4D0E-818D-2B28216EC906}"
EndProject
Project("{FAE04EC0-301F-11D3-BF4B-00C04F79EFBC}") = "Elk.Revit", "Elk.Revit\Elk.Revit.csproj", "{8256BFF2-F9A9-4303-B71A-7E3EDA29FB01}"
EndProject
Global
	GlobalSection(SolutionConfigurationPlatforms) = preSolution
		Debug|Any CPU = Debug|Any CPU
		Debug|x64 = Debug|x64
		Debug32|Any CPU = Debug32|Any CPU
		Debug32|x64 = Debug32|x64
		Debug64|Any CPU = Debug64|Any CPU
		Debug64|x64 = Debug64|x64
		Release|Any CPU = Release|Any CPU
		Release|x64 = Release|x64
	EndGlobalSection
	GlobalSection(ProjectConfigurationPlatforms) = postSolution
		{16D86629-7C9C-445A-BD63-058256C64A03}.Debug|Any CPU.ActiveCfg = Debug64|Any CPU
		{16D86629-7C9C-445A-BD63-058256C64A03}.Debug|Any CPU.Build.0 = Debug64|Any CPU
		{16D86629-7C9C-445A-BD63-058256C64A03}.Debug|x64.ActiveCfg = Debug32|Any CPU
		{16D86629-7C9C-445A-BD63-058256C64A03}.Debug|x64.Build.0 = Debug32|Any CPU
		{16D86629-7C9C-445A-BD63-058256C64A03}.Debug32|Any CPU.ActiveCfg = Debug32|Any CPU
		{16D86629-7C9C-445A-BD63-058256C64A03}.Debug32|Any CPU.Build.0 = Debug32|Any CPU
		{16D86629-7C9C-445A-BD63-058256C64A03}.Debug32|x64.ActiveCfg = Debug32|Any CPU
		{16D86629-7C9C-445A-BD63-058256C64A03}.Debug32|x64.Build.0 = Debug32|Any CPU
		{16D86629-7C9C-445A-BD63-058256C64A03}.Debug64|Any CPU.ActiveCfg = Debug64|Any CPU
		{16D86629-7C9C-445A-BD63-058256C64A03}.Debug64|Any CPU.Build.0 = Debug64|Any CPU
		{16D86629-7C9C-445A-BD63-058256C64A03}.Debug64|x64.ActiveCfg = Debug64|Any CPU
		{16D86629-7C9C-445A-BD63-058256C64A03}.Debug64|x64.Build.0 = Debug64|Any CPU
		{16D86629-7C9C-445A-BD63-058256C64A03}.Release|Any CPU.ActiveCfg = Release|Any CPU
		{16D86629-7C9C-445A-BD63-058256C64A03}.Release|Any CPU.Build.0 = Release|Any CPU
		{16D86629-7C9C-445A-BD63-058256C64A03}.Release|x64.ActiveCfg = Release|Any CPU
		{16D86629-7C9C-445A-BD63-058256C64A03}.Release|x64.Build.0 = Release|Any CPU
		{37F51AE1-C859-4878-BD84-782FD8AE84B3}.Debug|Any CPU.ActiveCfg = Debug|Any CPU
		{37F51AE1-C859-4878-BD84-782FD8AE84B3}.Debug|Any CPU.Build.0 = Debug|Any CPU
		{37F51AE1-C859-4878-BD84-782FD8AE84B3}.Debug|x64.ActiveCfg = Debug|Any CPU
		{37F51AE1-C859-4878-BD84-782FD8AE84B3}.Debug|x64.Build.0 = Debug|Any CPU
		{37F51AE1-C859-4878-BD84-782FD8AE84B3}.Debug32|Any CPU.ActiveCfg = Debug|Any CPU
		{37F51AE1-C859-4878-BD84-782FD8AE84B3}.Debug32|Any CPU.Build.0 = Debug|Any CPU
		{37F51AE1-C859-4878-BD84-782FD8AE84B3}.Debug32|x64.ActiveCfg = Debug|Any CPU
		{37F51AE1-C859-4878-BD84-782FD8AE84B3}.Debug32|x64.Build.0 = Debug|Any CPU
		{37F51AE1-C859-4878-BD84-782FD8AE84B3}.Debug64|Any CPU.ActiveCfg = Debug|Any CPU
		{37F51AE1-C859-4878-BD84-782FD8AE84B3}.Debug64|Any CPU.Build.0 = Debug|Any CPU
		{37F51AE1-C859-4878-BD84-782FD8AE84B3}.Debug64|x64.ActiveCfg = Debug|Any CPU
		{37F51AE1-C859-4878-BD84-782FD8AE84B3}.Debug64|x64.Build.0 = Debug|Any CPU
		{37F51AE1-C859-4878-BD84-782FD8AE84B3}.Release|Any CPU.ActiveCfg = Release|Any CPU
		{37F51AE1-C859-4878-BD84-782FD8AE84B3}.Release|Any CPU.Build.0 = Release|Any CPU
		{37F51AE1-C859-4878-BD84-782FD8AE84B3}.Release|x64.ActiveCfg = Release|Any CPU
		{37F51AE1-C859-4878-BD84-782FD8AE84B3}.Release|x64.Build.0 = Release|Any CPU
		{AA6F41D4-D9DC-4378-92CC-697F405F4106}.Debug|Any CPU.ActiveCfg = Debug|Any CPU
		{AA6F41D4-D9DC-4378-92CC-697F405F4106}.Debug|Any CPU.Build.0 = Debug|Any CPU
		{AA6F41D4-D9DC-4378-92CC-697F405F4106}.Debug|x64.ActiveCfg = Debug|Any CPU
		{AA6F41D4-D9DC-4378-92CC-697F405F4106}.Debug|x64.Build.0 = Debug|Any CPU
		{AA6F41D4-D9DC-4378-92CC-697F405F4106}.Debug32|Any CPU.ActiveCfg = Debug|Any CPU
		{AA6F41D4-D9DC-4378-92CC-697F405F4106}.Debug32|Any CPU.Build.0 = Debug|Any CPU
		{AA6F41D4-D9DC-4378-92CC-697F405F4106}.Debug32|x64.ActiveCfg = Debug|Any CPU
		{AA6F41D4-D9DC-4378-92CC-697F405F4106}.Debug32|x64.Build.0 = Debug|Any CPU
		{AA6F41D4-D9DC-4378-92CC-697F405F4106}.Debug64|Any CPU.ActiveCfg = Debug|Any CPU
		{AA6F41D4-D9DC-4378-92CC-697F405F4106}.Debug64|Any CPU.Build.0 = Debug|Any CPU
		{AA6F41D4-D9DC-4378-92CC-697F405F4106}.Debug64|x64.ActiveCfg = Debug|Any CPU
		{AA6F41D4-D9DC-4378-92CC-697F405F4106}.Debug64|x64.Build.0 = Debug|Any CPU
		{AA6F41D4-D9DC-4378-92CC-697F405F4106}.Release|Any CPU.ActiveCfg = Release|Any CPU
		{AA6F41D4-D9DC-4378-92CC-697F405F4106}.Release|Any CPU.Build.0 = Release|Any CPU
		{AA6F41D4-D9DC-4378-92CC-697F405F4106}.Release|x64.ActiveCfg = Release|x64
		{AA6F41D4-D9DC-4378-92CC-697F405F4106}.Release|x64.Build.0 = Release|x64
		{AB22888C-8134-4D0E-818D-2B28216EC906}.Debug|Any CPU.ActiveCfg = Debug|Any CPU
		{AB22888C-8134-4D0E-818D-2B28216EC906}.Debug|Any CPU.Build.0 = Debug|Any CPU
		{AB22888C-8134-4D0E-818D-2B28216EC906}.Debug|x64.ActiveCfg = Debug|Any CPU
		{AB22888C-8134-4D0E-818D-2B28216EC906}.Debug|x64.Build.0 = Debug|Any CPU
		{AB22888C-8134-4D0E-818D-2B28216EC906}.Debug32|Any CPU.ActiveCfg = Debug|Any CPU
		{AB22888C-8134-4D0E-818D-2B28216EC906}.Debug32|Any CPU.Build.0 = Debug|Any CPU
		{AB22888C-8134-4D0E-818D-2B28216EC906}.Debug32|x64.ActiveCfg = Debug|Any CPU
		{AB22888C-8134-4D0E-818D-2B28216EC906}.Debug32|x64.Build.0 = Debug|Any CPU
		{AB22888C-8134-4D0E-818D-2B28216EC906}.Debug64|Any CPU.ActiveCfg = Debug|Any CPU
		{AB22888C-8134-4D0E-818D-2B28216EC906}.Debug64|Any CPU.Build.0 = Debug|Any CPU
		{AB22888C-8134-4D0E-818D-2B28216EC906}.Debug64|x64.ActiveCfg = Debug|Any CPU
		{AB22888C-8134-4D0E-818D-2B28216EC906}.Debug64|x64.Build.0 = Debug|Any CPU
		{AB22888C-8134-4D0E-818D-2B28216EC906}.Release|Any CPU.ActiveCfg = Release|Any CPU
		{AB22888C-8134-4D0E-818D-2B28216EC906}.Release|Any CPU.Build.0 = Release|Any CPU
		{AB22888C-8134-4D0E-818D-2B28216EC906}.Release|x64.ActiveCfg = Release|Any CPU
		{AB22888C-8134-4D0E-818D-2B28216EC906}.Release|x64.Build.0 = Release|Any CPU
		{8256BFF2-F9A9-4303-B71A-7E3EDA29FB01}.Debug|Any CPU.ActiveCfg = Debug|Any CPU
		{8256BFF2-F9A9-4303-B71A-7E3EDA29FB01}.Debug|Any CPU.Build.0 = Debug|Any CPU
		{8256BFF2-F9A9-4303-B71A-7E3EDA29FB01}.Debug|x64.ActiveCfg = Debug|x64
		{8256BFF2-F9A9-4303-B71A-7E3EDA29FB01}.Debug|x64.Build.0 = Debug|x64
		{8256BFF2-F9A9-4303-B71A-7E3EDA29FB01}.Debug32|Any CPU.ActiveCfg = Debug|Any CPU
		{8256BFF2-F9A9-4303-B71A-7E3EDA29FB01}.Debug32|Any CPU.Build.0 = Debug|Any CPU
		{8256BFF2-F9A9-4303-B71A-7E3EDA29FB01}.Debug32|x64.ActiveCfg = Debug|x64
		{8256BFF2-F9A9-4303-B71A-7E3EDA29FB01}.Debug32|x64.Build.0 = Debug|x64
		{8256BFF2-F9A9-4303-B71A-7E3EDA29FB01}.Debug64|Any CPU.ActiveCfg = Debug|Any CPU
		{8256BFF2-F9A9-4303-B71A-7E3EDA29FB01}.Debug64|Any CPU.Build.0 = Debug|Any CPU
		{8256BFF2-F9A9-4303-B71A-7E3EDA29FB01}.Debug64|x64.ActiveCfg = Debug|x64
		{8256BFF2-F9A9-4303-B71A-7E3EDA29FB01}.Debug64|x64.Build.0 = Debug|x64
		{8256BFF2-F9A9-4303-B71A-7E3EDA29FB01}.Release|Any CPU.ActiveCfg = Release|Any CPU
		{8256BFF2-F9A9-4303-B71A-7E3EDA29FB01}.Release|Any CPU.Build.0 = Release|Any CPU
		{8256BFF2-F9A9-4303-B71A-7E3EDA29FB01}.Release|x64.ActiveCfg = Release|x64
		{8256BFF2-F9A9-4303-B71A-7E3EDA29FB01}.Release|x64.Build.0 = Release|x64
	EndGlobalSection
	GlobalSection(SolutionProperties) = preSolution
		HideSolutionNode = FALSE
	EndGlobalSection
EndGlobal
